
Microsoft Visual Studio Solution File, Format Version 12.00
# Visual Studio Version 17
VisualStudioVersion = 17.7.34221.43
MinimumVisualStudioVersion = 10.0.40219.1
Project("{FAE04EC0-301F-11D3-BF4B-00C04F79EFBC}") = "ConAppAss7", "ConAppAss7\ConAppAss7.csproj", "{F29E57B8-32D6-4A56-9BBB-6A9C0302DF14}"
EndProject
Global
	GlobalSection(SolutionConfigurationPlatforms) = preSolution
		Debug|Any CPU = Debug|Any CPU
		Release|Any CPU = Release|Any CPU
	EndGlobalSection
	GlobalSection(ProjectConfigurationPlatforms) = postSolution
		{F29E57B8-32D6-4A56-9BBB-6A9C0302DF14}.Debug|Any CPU.ActiveCfg = Debug|Any CPU
		{F29E57B8-32D6-4A56-9BBB-6A9C0302DF14}.Debug|Any CPU.Build.0 = Debug|Any CPU
		{F29E57B8-32D6-4A56-9BBB-6A9C0302DF14}.Release|Any CPU.ActiveCfg = Release|Any CPU
		{F29E57B8-32D6-4A56-9BBB-6A9C0302DF14}.Release|Any CPU.Build.0 = Release|Any CPU
	EndGlobalSection
	GlobalSection(SolutionProperties) = preSolution
		HideSolutionNode = FALSE
	EndGlobalSection
	GlobalSection(ExtensibilityGlobals) = postSolution
		SolutionGuid = {4686E20E-7BEE-446C-BCBE-4F84CA2CB991}
	EndGlobalSection
EndGlobal
